
Microsoft Visual Studio Solution File, Format Version 12.00
# Visual Studio Version 17
VisualStudioVersion = 17.13.35806.99 d17.13
MinimumVisualStudioVersion = 10.0.40219.1
Project("{FAE04EC0-301F-11D3-BF4B-00C04F79EFBC}") = "Proveedores.API", "Proveedores.API\Proveedores.API.csproj", "{7D3B14B1-5FBF-488C-AC93-AEB76CFC1C9E}"
EndProject
Project("{FAE04EC0-301F-11D3-BF4B-00C04F79EFBC}") = "Proveedores.Domain", "Proveedores.Domain\Proveedores.Domain.csproj", "{652E389A-2354-4E49-9649-8A6ADD434CAA}"
EndProject
Project("{FAE04EC0-301F-11D3-BF4B-00C04F79EFBC}") = "Proveedores.Application", "Proveedores.Application\Proveedores.Application.csproj", "{6EAFDD54-3A07-4F5B-8FF0-F041196F0AA7}"
EndProject
Project("{FAE04EC0-301F-11D3-BF4B-00C04F79EFBC}") = "Proveedores.Infrastructure", "Proveedores.Infrastructure\Proveedores.Infrastructure.csproj", "{AA2AAFC5-A063-4109-A320-92ABCBA20BAC}"
EndProject
Project("{2150E333-8FDC-42A3-9474-1A3956D46DE8}") = "Elementos de la solución", "Elementos de la solución", "{D107F4C8-89CC-BEA8-D3D7-CA6B7733353D}"
	ProjectSection(SolutionItems) = preProject
		docker-compose.yml = docker-compose.yml
	EndProjectSection
EndProject
Project("{FAE04EC0-301F-11D3-BF4B-00C04F79EFBC}") = "Proveedores.Tests", "Proveedores.Tests\Proveedores.Tests.csproj", "{7CF81431-D40A-4857-91F4-4FC04627560B}"
EndProject
Global
	GlobalSection(SolutionConfigurationPlatforms) = preSolution
		Debug|Any CPU = Debug|Any CPU
		Release|Any CPU = Release|Any CPU
	EndGlobalSection
	GlobalSection(ProjectConfigurationPlatforms) = postSolution
		{7D3B14B1-5FBF-488C-AC93-AEB76CFC1C9E}.Debug|Any CPU.ActiveCfg = Debug|Any CPU
		{7D3B14B1-5FBF-488C-AC93-AEB76CFC1C9E}.Debug|Any CPU.Build.0 = Debug|Any CPU
		{7D3B14B1-5FBF-488C-AC93-AEB76CFC1C9E}.Release|Any CPU.ActiveCfg = Release|Any CPU
		{7D3B14B1-5FBF-488C-AC93-AEB76CFC1C9E}.Release|Any CPU.Build.0 = Release|Any CPU
		{652E389A-2354-4E49-9649-8A6ADD434CAA}.Debug|Any CPU.ActiveCfg = Debug|Any CPU
		{652E389A-2354-4E49-9649-8A6ADD434CAA}.Debug|Any CPU.Build.0 = Debug|Any CPU
		{652E389A-2354-4E49-9649-8A6ADD434CAA}.Release|Any CPU.ActiveCfg = Release|Any CPU
		{652E389A-2354-4E49-9649-8A6ADD434CAA}.Release|Any CPU.Build.0 = Release|Any CPU
		{6EAFDD54-3A07-4F5B-8FF0-F041196F0AA7}.Debug|Any CPU.ActiveCfg = Debug|Any CPU
		{6EAFDD54-3A07-4F5B-8FF0-F041196F0AA7}.Debug|Any CPU.Build.0 = Debug|Any CPU
		{6EAFDD54-3A07-4F5B-8FF0-F041196F0AA7}.Release|Any CPU.ActiveCfg = Release|Any CPU
		{6EAFDD54-3A07-4F5B-8FF0-F041196F0AA7}.Release|Any CPU.Build.0 = Release|Any CPU
		{AA2AAFC5-A063-4109-A320-92ABCBA20BAC}.Debug|Any CPU.ActiveCfg = Debug|Any CPU
		{AA2AAFC5-A063-4109-A320-92ABCBA20BAC}.Debug|Any CPU.Build.0 = Debug|Any CPU
		{AA2AAFC5-A063-4109-A320-92ABCBA20BAC}.Release|Any CPU.ActiveCfg = Release|Any CPU
		{AA2AAFC5-A063-4109-A320-92ABCBA20BAC}.Release|Any CPU.Build.0 = Release|Any CPU
		{7CF81431-D40A-4857-91F4-4FC04627560B}.Debug|Any CPU.ActiveCfg = Debug|Any CPU
		{7CF81431-D40A-4857-91F4-4FC04627560B}.Debug|Any CPU.Build.0 = Debug|Any CPU
		{7CF81431-D40A-4857-91F4-4FC04627560B}.Release|Any CPU.ActiveCfg = Release|Any CPU
		{7CF81431-D40A-4857-91F4-4FC04627560B}.Release|Any CPU.Build.0 = Release|Any CPU
	EndGlobalSection
	GlobalSection(SolutionProperties) = preSolution
		HideSolutionNode = FALSE
	EndGlobalSection
	GlobalSection(ExtensibilityGlobals) = postSolution
		SolutionGuid = {7709C0FC-1AB3-44E9-9509-0CBE5952D4F1}
	EndGlobalSection
EndGlobal
